
Microsoft Visual Studio Solution File, Format Version 12.00
# Visual Studio Version 17
VisualStudioVersion = 17.0.31903.59
MinimumVisualStudioVersion = 10.0.40219.1
Project("{2150E333-8FDC-42A3-9474-1A3956D46DE8}") = "MultiShop.Services", "MultiShop.Services", "{269884A4-178F-47F4-B38E-5DBA0D3011ED}"
EndProject
Project("{9A19103F-16F7-4668-BE54-9A1E7A4F7556}") = "Catalog", "Services\Catalog\Catalog.csproj", "{413F5B73-C607-49F6-802F-056635484661}"
EndProject
Project("{9A19103F-16F7-4668-BE54-9A1E7A4F7556}") = "Basket", "Services\Basket\Basket.csproj", "{A2E77CF9-598F-4A3E-89AB-0C59EFBE572B}"
EndProject
Project("{9A19103F-16F7-4668-BE54-9A1E7A4F7556}") = "Comment", "Services\Comment\Comment.csproj", "{B11790E7-945A-429A-A4E8-CC84F6DD9235}"
EndProject
Project("{9A19103F-16F7-4668-BE54-9A1E7A4F7556}") = "Discount", "Services\Discount\Discount.csproj", "{B95D102A-93B2-43B8-B302-BB701A53D1FB}"
EndProject
Project("{9A19103F-16F7-4668-BE54-9A1E7A4F7556}") = "Images", "Services\Images\Images.csproj", "{FA16FD9D-5625-4C9A-81EE-31CA774ACA4D}"
EndProject
Project("{9A19103F-16F7-4668-BE54-9A1E7A4F7556}") = "Message", "Services\Message\Message.csproj", "{2F36ADC7-3357-4479-9155-CAE2C4D02B0F}"
EndProject
Project("{9A19103F-16F7-4668-BE54-9A1E7A4F7556}") = "Payment", "Services\Payment\Payment.csproj", "{3135194D-3078-40DF-90BF-7420F6F51393}"
EndProject
Project("{9A19103F-16F7-4668-BE54-9A1E7A4F7556}") = "SignalR", "Services\SignalR\SignalR.csproj", "{19C523D8-DD2A-40A8-8C74-75A256271555}"
EndProject
Project("{2150E333-8FDC-42A3-9474-1A3956D46DE8}") = "Cargo", "Cargo", "{C9BEA402-665E-4802-A53A-1B2AC3B6182C}"
EndProject
Project("{9A19103F-16F7-4668-BE54-9A1E7A4F7556}") = "Cargo.WebApi", "Services\Cargo\Cargo.WebApi\Cargo.WebApi.csproj", "{3B1806B6-8106-4E23-8107-9514EC5A1719}"
EndProject
Project("{9A19103F-16F7-4668-BE54-9A1E7A4F7556}") = "Cargo.Repository", "Services\Cargo\Cargo.Repository\Cargo.Repository.csproj", "{4A674F65-278E-4881-A406-79772CEDC76C}"
EndProject
Project("{9A19103F-16F7-4668-BE54-9A1E7A4F7556}") = "Cargo.Service", "Services\Cargo\Cargo.Service\Cargo.Service.csproj", "{7973BC82-A0D4-4EF9-AF1C-7C38EC4BF725}"
EndProject
Project("{9A19103F-16F7-4668-BE54-9A1E7A4F7556}") = "Cargo.Core", "Services\Cargo\Cargo.Core\Cargo.Core.csproj", "{22C2A8DA-8D37-483B-909D-26F840662EE5}"
EndProject
Project("{2150E333-8FDC-42A3-9474-1A3956D46DE8}") = "Order", "Order", "{BB3048B8-AE11-4C4B-BFE5-CCB28EBAE486}"
EndProject
Project("{FAE04EC0-301F-11D3-BF4B-00C04F79EFBC}") = "Order.Application", "Services\Order\Order.Application\Order.Application.csproj", "{E20A8191-EFB3-4FE4-B02B-CB84054A1315}"
EndProject
Project("{FAE04EC0-301F-11D3-BF4B-00C04F79EFBC}") = "Order.Domain", "Services\Order\Order.Domain\Order.Domain.csproj", "{035352DE-6136-4ACF-A429-00CAE3E55DA9}"
EndProject
Project("{FAE04EC0-301F-11D3-BF4B-00C04F79EFBC}") = "Order.Persistence", "Services\Order\Order.Persistence\Order.Persistence.csproj", "{9586AD24-F8BF-428E-8EED-5A19C92C8B1E}"
EndProject
Project("{FAE04EC0-301F-11D3-BF4B-00C04F79EFBC}") = "Order.WebApi", "Services\Order\Order.WebApi\Order.WebApi.csproj", "{2368B801-AF1B-49D6-9FCB-839A4A58429C}"
EndProject
Project("{FAE04EC0-301F-11D3-BF4B-00C04F79EFBC}") = "MultiShop.ApiGateway", "ApiGateway\MultiShop.ApiGateway.csproj", "{E60CFF28-2CF6-4D84-9C06-43EA14069110}"
EndProject
Project("{FAE04EC0-301F-11D3-BF4B-00C04F79EFBC}") = "MultiShop.IdentityServer", "IdentityServer\MultiShop.IdentityServer.csproj", "{6B0974BF-DDB3-4233-BD49-9A34630B8A38}"
EndProject
Project("{FAE04EC0-301F-11D3-BF4B-00C04F79EFBC}") = "MultiShop.WebUI", "MultiShop.WebUI\MultiShop.WebUI.csproj", "{B0FE974B-4143-4799-8D74-7E0F0C62BE2F}"
EndProject
Global
	GlobalSection(SolutionConfigurationPlatforms) = preSolution
		Debug|Any CPU = Debug|Any CPU
		Release|Any CPU = Release|Any CPU
	EndGlobalSection
	GlobalSection(ProjectConfigurationPlatforms) = postSolution
		{413F5B73-C607-49F6-802F-056635484661}.Debug|Any CPU.ActiveCfg = Debug|Any CPU
		{413F5B73-C607-49F6-802F-056635484661}.Debug|Any CPU.Build.0 = Debug|Any CPU
		{413F5B73-C607-49F6-802F-056635484661}.Release|Any CPU.ActiveCfg = Release|Any CPU
		{413F5B73-C607-49F6-802F-056635484661}.Release|Any CPU.Build.0 = Release|Any CPU
		{A2E77CF9-598F-4A3E-89AB-0C59EFBE572B}.Debug|Any CPU.ActiveCfg = Debug|Any CPU
		{A2E77CF9-598F-4A3E-89AB-0C59EFBE572B}.Debug|Any CPU.Build.0 = Debug|Any CPU
		{A2E77CF9-598F-4A3E-89AB-0C59EFBE572B}.Release|Any CPU.ActiveCfg = Release|Any CPU
		{A2E77CF9-598F-4A3E-89AB-0C59EFBE572B}.Release|Any CPU.Build.0 = Release|Any CPU
		{B11790E7-945A-429A-A4E8-CC84F6DD9235}.Debug|Any CPU.ActiveCfg = Debug|Any CPU
		{B11790E7-945A-429A-A4E8-CC84F6DD9235}.Debug|Any CPU.Build.0 = Debug|Any CPU
		{B11790E7-945A-429A-A4E8-CC84F6DD9235}.Release|Any CPU.ActiveCfg = Release|Any CPU
		{B11790E7-945A-429A-A4E8-CC84F6DD9235}.Release|Any CPU.Build.0 = Release|Any CPU
		{B95D102A-93B2-43B8-B302-BB701A53D1FB}.Debug|Any CPU.ActiveCfg = Debug|Any CPU
		{B95D102A-93B2-43B8-B302-BB701A53D1FB}.Debug|Any CPU.Build.0 = Debug|Any CPU
		{B95D102A-93B2-43B8-B302-BB701A53D1FB}.Release|Any CPU.ActiveCfg = Release|Any CPU
		{B95D102A-93B2-43B8-B302-BB701A53D1FB}.Release|Any CPU.Build.0 = Release|Any CPU
		{FA16FD9D-5625-4C9A-81EE-31CA774ACA4D}.Debug|Any CPU.ActiveCfg = Debug|Any CPU
		{FA16FD9D-5625-4C9A-81EE-31CA774ACA4D}.Debug|Any CPU.Build.0 = Debug|Any CPU
		{FA16FD9D-5625-4C9A-81EE-31CA774ACA4D}.Release|Any CPU.ActiveCfg = Release|Any CPU
		{FA16FD9D-5625-4C9A-81EE-31CA774ACA4D}.Release|Any CPU.Build.0 = Release|Any CPU
		{2F36ADC7-3357-4479-9155-CAE2C4D02B0F}.Debug|Any CPU.ActiveCfg = Debug|Any CPU
		{2F36ADC7-3357-4479-9155-CAE2C4D02B0F}.Debug|Any CPU.Build.0 = Debug|Any CPU
		{2F36ADC7-3357-4479-9155-CAE2C4D02B0F}.Release|Any CPU.ActiveCfg = Release|Any CPU
		{2F36ADC7-3357-4479-9155-CAE2C4D02B0F}.Release|Any CPU.Build.0 = Release|Any CPU
		{3135194D-3078-40DF-90BF-7420F6F51393}.Debug|Any CPU.ActiveCfg = Debug|Any CPU
		{3135194D-3078-40DF-90BF-7420F6F51393}.Debug|Any CPU.Build.0 = Debug|Any CPU
		{3135194D-3078-40DF-90BF-7420F6F51393}.Release|Any CPU.ActiveCfg = Release|Any CPU
		{3135194D-3078-40DF-90BF-7420F6F51393}.Release|Any CPU.Build.0 = Release|Any CPU
		{19C523D8-DD2A-40A8-8C74-75A256271555}.Debug|Any CPU.ActiveCfg = Debug|Any CPU
		{19C523D8-DD2A-40A8-8C74-75A256271555}.Debug|Any CPU.Build.0 = Debug|Any CPU
		{19C523D8-DD2A-40A8-8C74-75A256271555}.Release|Any CPU.ActiveCfg = Release|Any CPU
		{19C523D8-DD2A-40A8-8C74-75A256271555}.Release|Any CPU.Build.0 = Release|Any CPU
		{3B1806B6-8106-4E23-8107-9514EC5A1719}.Debug|Any CPU.ActiveCfg = Debug|Any CPU
		{3B1806B6-8106-4E23-8107-9514EC5A1719}.Debug|Any CPU.Build.0 = Debug|Any CPU
		{3B1806B6-8106-4E23-8107-9514EC5A1719}.Release|Any CPU.ActiveCfg = Release|Any CPU
		{3B1806B6-8106-4E23-8107-9514EC5A1719}.Release|Any CPU.Build.0 = Release|Any CPU
		{4A674F65-278E-4881-A406-79772CEDC76C}.Debug|Any CPU.ActiveCfg = Debug|Any CPU
		{4A674F65-278E-4881-A406-79772CEDC76C}.Debug|Any CPU.Build.0 = Debug|Any CPU
		{4A674F65-278E-4881-A406-79772CEDC76C}.Release|Any CPU.ActiveCfg = Release|Any CPU
		{4A674F65-278E-4881-A406-79772CEDC76C}.Release|Any CPU.Build.0 = Release|Any CPU
		{7973BC82-A0D4-4EF9-AF1C-7C38EC4BF725}.Debug|Any CPU.ActiveCfg = Debug|Any CPU
		{7973BC82-A0D4-4EF9-AF1C-7C38EC4BF725}.Debug|Any CPU.Build.0 = Debug|Any CPU
		{7973BC82-A0D4-4EF9-AF1C-7C38EC4BF725}.Release|Any CPU.ActiveCfg = Release|Any CPU
		{7973BC82-A0D4-4EF9-AF1C-7C38EC4BF725}.Release|Any CPU.Build.0 = Release|Any CPU
		{22C2A8DA-8D37-483B-909D-26F840662EE5}.Debug|Any CPU.ActiveCfg = Debug|Any CPU
		{22C2A8DA-8D37-483B-909D-26F840662EE5}.Debug|Any CPU.Build.0 = Debug|Any CPU
		{22C2A8DA-8D37-483B-909D-26F840662EE5}.Release|Any CPU.ActiveCfg = Release|Any CPU
		{22C2A8DA-8D37-483B-909D-26F840662EE5}.Release|Any CPU.Build.0 = Release|Any CPU
		{E20A8191-EFB3-4FE4-B02B-CB84054A1315}.Debug|Any CPU.ActiveCfg = Debug|Any CPU
		{E20A8191-EFB3-4FE4-B02B-CB84054A1315}.Debug|Any CPU.Build.0 = Debug|Any CPU
		{E20A8191-EFB3-4FE4-B02B-CB84054A1315}.Release|Any CPU.ActiveCfg = Release|Any CPU
		{E20A8191-EFB3-4FE4-B02B-CB84054A1315}.Release|Any CPU.Build.0 = Release|Any CPU
		{035352DE-6136-4ACF-A429-00CAE3E55DA9}.Debug|Any CPU.ActiveCfg = Debug|Any CPU
		{035352DE-6136-4ACF-A429-00CAE3E55DA9}.Debug|Any CPU.Build.0 = Debug|Any CPU
		{035352DE-6136-4ACF-A429-00CAE3E55DA9}.Release|Any CPU.ActiveCfg = Release|Any CPU
		{035352DE-6136-4ACF-A429-00CAE3E55DA9}.Release|Any CPU.Build.0 = Release|Any CPU
		{9586AD24-F8BF-428E-8EED-5A19C92C8B1E}.Debug|Any CPU.ActiveCfg = Debug|Any CPU
		{9586AD24-F8BF-428E-8EED-5A19C92C8B1E}.Debug|Any CPU.Build.0 = Debug|Any CPU
		{9586AD24-F8BF-428E-8EED-5A19C92C8B1E}.Release|Any CPU.ActiveCfg = Release|Any CPU
		{9586AD24-F8BF-428E-8EED-5A19C92C8B1E}.Release|Any CPU.Build.0 = Release|Any CPU
		{2368B801-AF1B-49D6-9FCB-839A4A58429C}.Debug|Any CPU.ActiveCfg = Debug|Any CPU
		{2368B801-AF1B-49D6-9FCB-839A4A58429C}.Debug|Any CPU.Build.0 = Debug|Any CPU
		{2368B801-AF1B-49D6-9FCB-839A4A58429C}.Release|Any CPU.ActiveCfg = Release|Any CPU
		{2368B801-AF1B-49D6-9FCB-839A4A58429C}.Release|Any CPU.Build.0 = Release|Any CPU
		{E60CFF28-2CF6-4D84-9C06-43EA14069110}.Debug|Any CPU.ActiveCfg = Debug|Any CPU
		{E60CFF28-2CF6-4D84-9C06-43EA14069110}.Debug|Any CPU.Build.0 = Debug|Any CPU
		{E60CFF28-2CF6-4D84-9C06-43EA14069110}.Release|Any CPU.ActiveCfg = Release|Any CPU
		{E60CFF28-2CF6-4D84-9C06-43EA14069110}.Release|Any CPU.Build.0 = Release|Any CPU
		{6B0974BF-DDB3-4233-BD49-9A34630B8A38}.Debug|Any CPU.ActiveCfg = Debug|Any CPU
		{6B0974BF-DDB3-4233-BD49-9A34630B8A38}.Debug|Any CPU.Build.0 = Debug|Any CPU
		{6B0974BF-DDB3-4233-BD49-9A34630B8A38}.Release|Any CPU.ActiveCfg = Release|Any CPU
		{6B0974BF-DDB3-4233-BD49-9A34630B8A38}.Release|Any CPU.Build.0 = Release|Any CPU
		{B0FE974B-4143-4799-8D74-7E0F0C62BE2F}.Debug|Any CPU.ActiveCfg = Debug|Any CPU
		{B0FE974B-4143-4799-8D74-7E0F0C62BE2F}.Debug|Any CPU.Build.0 = Debug|Any CPU
		{B0FE974B-4143-4799-8D74-7E0F0C62BE2F}.Release|Any CPU.ActiveCfg = Release|Any CPU
		{B0FE974B-4143-4799-8D74-7E0F0C62BE2F}.Release|Any CPU.Build.0 = Release|Any CPU
	EndGlobalSection
	GlobalSection(SolutionProperties) = preSolution
		HideSolutionNode = FALSE
	EndGlobalSection
	GlobalSection(NestedProjects) = preSolution
		{413F5B73-C607-49F6-802F-056635484661} = {269884A4-178F-47F4-B38E-5DBA0D3011ED}
		{A2E77CF9-598F-4A3E-89AB-0C59EFBE572B} = {269884A4-178F-47F4-B38E-5DBA0D3011ED}
		{B11790E7-945A-429A-A4E8-CC84F6DD9235} = {269884A4-178F-47F4-B38E-5DBA0D3011ED}
		{B95D102A-93B2-43B8-B302-BB701A53D1FB} = {269884A4-178F-47F4-B38E-5DBA0D3011ED}
		{FA16FD9D-5625-4C9A-81EE-31CA774ACA4D} = {269884A4-178F-47F4-B38E-5DBA0D3011ED}
		{2F36ADC7-3357-4479-9155-CAE2C4D02B0F} = {269884A4-178F-47F4-B38E-5DBA0D3011ED}
		{3135194D-3078-40DF-90BF-7420F6F51393} = {269884A4-178F-47F4-B38E-5DBA0D3011ED}
		{19C523D8-DD2A-40A8-8C74-75A256271555} = {269884A4-178F-47F4-B38E-5DBA0D3011ED}
		{C9BEA402-665E-4802-A53A-1B2AC3B6182C} = {269884A4-178F-47F4-B38E-5DBA0D3011ED}
		{3B1806B6-8106-4E23-8107-9514EC5A1719} = {C9BEA402-665E-4802-A53A-1B2AC3B6182C}
		{4A674F65-278E-4881-A406-79772CEDC76C} = {C9BEA402-665E-4802-A53A-1B2AC3B6182C}
		{7973BC82-A0D4-4EF9-AF1C-7C38EC4BF725} = {C9BEA402-665E-4802-A53A-1B2AC3B6182C}
		{22C2A8DA-8D37-483B-909D-26F840662EE5} = {C9BEA402-665E-4802-A53A-1B2AC3B6182C}
		{BB3048B8-AE11-4C4B-BFE5-CCB28EBAE486} = {269884A4-178F-47F4-B38E-5DBA0D3011ED}
		{E20A8191-EFB3-4FE4-B02B-CB84054A1315} = {BB3048B8-AE11-4C4B-BFE5-CCB28EBAE486}
		{035352DE-6136-4ACF-A429-00CAE3E55DA9} = {BB3048B8-AE11-4C4B-BFE5-CCB28EBAE486}
		{9586AD24-F8BF-428E-8EED-5A19C92C8B1E} = {BB3048B8-AE11-4C4B-BFE5-CCB28EBAE486}
		{2368B801-AF1B-49D6-9FCB-839A4A58429C} = {BB3048B8-AE11-4C4B-BFE5-CCB28EBAE486}
	EndGlobalSection
EndGlobal
